
Microsoft Visual Studio Solution File, Format Version 12.00
# Visual Studio Version 16
VisualStudioVersion = 16.0.31005.135
MinimumVisualStudioVersion = 10.0.40219.1
Project("{FAE04EC0-301F-11D3-BF4B-00C04F79EFBC}") = "Week 4 Activity 8", "Week 4 Activity 8\Week 4 Activity 8.csproj", "{92FAA01D-0D89-47CD-80E5-E1629A9EDDAB}"
EndProject
Global
	GlobalSection(SolutionConfigurationPlatforms) = preSolution
		Debug|Any CPU = Debug|Any CPU
		Release|Any CPU = Release|Any CPU
	EndGlobalSection
	GlobalSection(ProjectConfigurationPlatforms) = postSolution
		{92FAA01D-0D89-47CD-80E5-E1629A9EDDAB}.Debug|Any CPU.ActiveCfg = Debug|Any CPU
		{92FAA01D-0D89-47CD-80E5-E1629A9EDDAB}.Debug|Any CPU.Build.0 = Debug|Any CPU
		{92FAA01D-0D89-47CD-80E5-E1629A9EDDAB}.Release|Any CPU.ActiveCfg = Release|Any CPU
		{92FAA01D-0D89-47CD-80E5-E1629A9EDDAB}.Release|Any CPU.Build.0 = Release|Any CPU
	EndGlobalSection
	GlobalSection(SolutionProperties) = preSolution
		HideSolutionNode = FALSE
	EndGlobalSection
	GlobalSection(ExtensibilityGlobals) = postSolution
		SolutionGuid = {D1790FA3-1B3A-4EAA-8C76-2F8C68E22F70}
	EndGlobalSection
EndGlobal
